{
  "requires": true,
  "lockfileVersion": 1,
  "dependencies": {
    "jsbarcode": {
      "version": "3.11.4",
      "resolved": "https://registry.npmjs.org/jsbarcode/-/jsbarcode-3.11.4.tgz",
      "integrity": "sha512-PHtad17lOl6LOLGK20k5I6P7MabiyHaJY5u5N5TlzC6ZunOR+yFnFnRUoqqOefrYPqO2nuJ1weHzG8B7YYEnHg=="
    },
    "ngx-barcode": {
      "version": "0.3.0",
      "resolved": "https://registry.npmjs.org/ngx-barcode/-/ngx-barcode-0.3.0.tgz",
      "integrity": "sha512-cc0jjhhiE9yPoFdUgx5Doe2T/YXe89XSm824/xIn50GYXcAOOB/1njCz7RLtgDFlQHerSAtsMVweVNrO9NV9Tw==",
      "requires": {
        "jsbarcode": "^3.6.0"
      }
    }
  }
}
