
Microsoft Visual Studio Solution File, Format Version 12.00
# Visual Studio Version 16
VisualStudioVersion = 16.0.31105.61
MinimumVisualStudioVersion = 10.0.40219.1
Project("{FAE04EC0-301F-11D3-BF4B-00C04F79EFBC}") = "MongoGymtecAPI", "MongoGymtecAPI.csproj", "{D920C6A9-8AA1-4244-8A24-D138885A3014}"
EndProject
Global
	GlobalSection(SolutionConfigurationPlatforms) = preSolution
		Debug|Any CPU = Debug|Any CPU
		Release|Any CPU = Release|Any CPU
	EndGlobalSection
	GlobalSection(ProjectConfigurationPlatforms) = postSolution
		{D920C6A9-8AA1-4244-8A24-D138885A3014}.Debug|Any CPU.ActiveCfg = Debug|Any CPU
		{D920C6A9-8AA1-4244-8A24-D138885A3014}.Debug|Any CPU.Build.0 = Debug|Any CPU
		{D920C6A9-8AA1-4244-8A24-D138885A3014}.Release|Any CPU.ActiveCfg = Release|Any CPU
		{D920C6A9-8AA1-4244-8A24-D138885A3014}.Release|Any CPU.Build.0 = Release|Any CPU
	EndGlobalSection
	GlobalSection(SolutionProperties) = preSolution
		HideSolutionNode = FALSE
	EndGlobalSection
	GlobalSection(ExtensibilityGlobals) = postSolution
		SolutionGuid = {AE89AEE1-1799-4FF5-8BFF-74FCC20A4CD2}
	EndGlobalSection
EndGlobal
